
Microsoft Visual Studio Solution File, Format Version 12.00
# Visual Studio Version 16
VisualStudioVersion = 16.0.29519.87
MinimumVisualStudioVersion = 10.0.40219.1
Project("{9A19103F-16F7-4668-BE54-9A1E7A4F7556}") = "ComplaintLoggingSystem", "ComplaintLoggingSystem.csproj", "{A061373C-446E-47DC-8E9E-3B767248C95A}"
EndProject
Global
	GlobalSection(SolutionConfigurationPlatforms) = preSolution
		Debug|Any CPU = Debug|Any CPU
		Release|Any CPU = Release|Any CPU
	EndGlobalSection
	GlobalSection(ProjectConfigurationPlatforms) = postSolution
		{A061373C-446E-47DC-8E9E-3B767248C95A}.Debug|Any CPU.ActiveCfg = Debug|Any CPU
		{A061373C-446E-47DC-8E9E-3B767248C95A}.Debug|Any CPU.Build.0 = Debug|Any CPU
		{A061373C-446E-47DC-8E9E-3B767248C95A}.Release|Any CPU.ActiveCfg = Release|Any CPU
		{A061373C-446E-47DC-8E9E-3B767248C95A}.Release|Any CPU.Build.0 = Release|Any CPU
	EndGlobalSection
	GlobalSection(SolutionProperties) = preSolution
		HideSolutionNode = FALSE
	EndGlobalSection
	GlobalSection(ExtensibilityGlobals) = postSolution
		SolutionGuid = {69981EAE-A1B6-461A-B002-A12B491DE0E4}
	EndGlobalSection
EndGlobal
